
Microsoft Visual Studio Solution File, Format Version 12.00
# Visual Studio Version 16
VisualStudioVersion = 16.0.30011.22
MinimumVisualStudioVersion = 10.0.40219.1
Project("{FAE04EC0-301F-11D3-BF4B-00C04F79EFBC}") = "Tawyang TrainerTEST", "Tawyang TrainerTEST\Tawyang TrainerTEST.csproj", "{426A23B0-DEE9-40B1-996B-BF506618CD09}"
EndProject
Global
	GlobalSection(SolutionConfigurationPlatforms) = preSolution
		Debug|Any CPU = Debug|Any CPU
		Release|Any CPU = Release|Any CPU
	EndGlobalSection
	GlobalSection(ProjectConfigurationPlatforms) = postSolution
		{426A23B0-DEE9-40B1-996B-BF506618CD09}.Debug|Any CPU.ActiveCfg = Debug|Any CPU
		{426A23B0-DEE9-40B1-996B-BF506618CD09}.Debug|Any CPU.Build.0 = Debug|Any CPU
		{426A23B0-DEE9-40B1-996B-BF506618CD09}.Release|Any CPU.ActiveCfg = Release|Any CPU
		{426A23B0-DEE9-40B1-996B-BF506618CD09}.Release|Any CPU.Build.0 = Release|Any CPU
	EndGlobalSection
	GlobalSection(SolutionProperties) = preSolution
		HideSolutionNode = FALSE
	EndGlobalSection
	GlobalSection(ExtensibilityGlobals) = postSolution
		SolutionGuid = {A3E9D61D-7982-4AA4-88C8-589AD97F8EF1}
	EndGlobalSection
EndGlobal
